
Microsoft Visual Studio Solution File, Format Version 12.00
# Visual Studio Version 16
VisualStudioVersion = 16.0.29201.188
MinimumVisualStudioVersion = 10.0.40219.1
Project("{FAE04EC0-301F-11D3-BF4B-00C04F79EFBC}") = "Users.UI", "..\Users.UI\Users.UI.csproj", "{C8731AED-39C8-4224-ADB7-0C2671F5BA46}"
EndProject
Project("{FAE04EC0-301F-11D3-BF4B-00C04F79EFBC}") = "WebApiUsers", "WebApiUsers.csproj", "{15B292FA-F060-4FD1-A98B-FD1EDA17F986}"
EndProject
Project("{FAE04EC0-301F-11D3-BF4B-00C04F79EFBC}") = "WebApiTest", "..\WebApiTest\WebApiTest.csproj", "{1AD8BBC0-F080-4A95-95E3-600DE746F521}"
EndProject
Global
	GlobalSection(SolutionConfigurationPlatforms) = preSolution
		Debug|Any CPU = Debug|Any CPU
		Release|Any CPU = Release|Any CPU
	EndGlobalSection
	GlobalSection(ProjectConfigurationPlatforms) = postSolution
		{C8731AED-39C8-4224-ADB7-0C2671F5BA46}.Debug|Any CPU.ActiveCfg = Debug|Any CPU
		{C8731AED-39C8-4224-ADB7-0C2671F5BA46}.Debug|Any CPU.Build.0 = Debug|Any CPU
		{C8731AED-39C8-4224-ADB7-0C2671F5BA46}.Release|Any CPU.ActiveCfg = Release|Any CPU
		{C8731AED-39C8-4224-ADB7-0C2671F5BA46}.Release|Any CPU.Build.0 = Release|Any CPU
		{15B292FA-F060-4FD1-A98B-FD1EDA17F986}.Debug|Any CPU.ActiveCfg = Debug|Any CPU
		{15B292FA-F060-4FD1-A98B-FD1EDA17F986}.Debug|Any CPU.Build.0 = Debug|Any CPU
		{15B292FA-F060-4FD1-A98B-FD1EDA17F986}.Release|Any CPU.ActiveCfg = Release|Any CPU
		{15B292FA-F060-4FD1-A98B-FD1EDA17F986}.Release|Any CPU.Build.0 = Release|Any CPU
		{1AD8BBC0-F080-4A95-95E3-600DE746F521}.Debug|Any CPU.ActiveCfg = Debug|Any CPU
		{1AD8BBC0-F080-4A95-95E3-600DE746F521}.Debug|Any CPU.Build.0 = Debug|Any CPU
		{1AD8BBC0-F080-4A95-95E3-600DE746F521}.Release|Any CPU.ActiveCfg = Release|Any CPU
		{1AD8BBC0-F080-4A95-95E3-600DE746F521}.Release|Any CPU.Build.0 = Release|Any CPU
	EndGlobalSection
	GlobalSection(SolutionProperties) = preSolution
		HideSolutionNode = FALSE
	EndGlobalSection
	GlobalSection(ExtensibilityGlobals) = postSolution
		SolutionGuid = {26B5283E-F68C-459D-B47B-1823E2AB40A1}
	EndGlobalSection
EndGlobal
